
Microsoft Visual Studio Solution File, Format Version 12.00
# Visual Studio Version 17
VisualStudioVersion = 17.11.35303.130
MinimumVisualStudioVersion = 10.0.40219.1
Project("{FAE04EC0-301F-11D3-BF4B-00C04F79EFBC}") = "Idology.Client", "Idology.Client\Idology.Client.csproj", "{1BB9EEFD-AB86-44BC-B34A-F627769CCFD3}"
EndProject
Project("{FAE04EC0-301F-11D3-BF4B-00C04F79EFBC}") = "Idology.Core", "Idology.Core\Idology.Core.csproj", "{544F77FD-8E5C-46F5-B67D-73C97287BB36}"
EndProject
Project("{FAE04EC0-301F-11D3-BF4B-00C04F79EFBC}") = "Idology.Engine", "Idology.Engine\Idology.Engine.csproj", "{DEB7E89B-4EA7-4511-AF62-BD702AB84E9E}"
EndProject
Project("{2150E333-8FDC-42A3-9474-1A3956D46DE8}") = "Solution Items", "Solution Items", "{321A9213-8477-40B5-9DC1-95188ADD7A62}"
	ProjectSection(SolutionItems) = preProject
		.editorconfig = .editorconfig
	EndProjectSection
EndProject
Project("{2150E333-8FDC-42A3-9474-1A3956D46DE8}") = "Idology", "Idology", "{02EA681E-C7D8-13C7-8484-4AC65E1B71E8}"
EndProject
Project("{2150E333-8FDC-42A3-9474-1A3956D46DE8}") = "Outpost", "Outpost", "{F250604F-F3F4-4AB8-A201-BE1BDCFD2467}"
EndProject
Project("{FAE04EC0-301F-11D3-BF4B-00C04F79EFBC}") = "Idology.Outpost.Core", "Outpost\Idology.Outpost.Core\Idology.Outpost.Core.csproj", "{87634BFB-B431-409C-819E-B00675BAFBC4}"
EndProject
Project("{FAE04EC0-301F-11D3-BF4B-00C04F79EFBC}") = "Idology.Outpost.Client", "Outpost\Idology.Outpost.Client\Idology.Outpost.Client.csproj", "{3561BBF3-CC28-4228-96F7-1B73E354F4B1}"
EndProject
Project("{FAE04EC0-301F-11D3-BF4B-00C04F79EFBC}") = "Idology.Outpost.Core.Tests", "Outpost\Idology.Outpost.Core.Tests\Idology.Outpost.Core.Tests.csproj", "{B3AC0FEC-6A1D-4EC5-8A3C-EF0499520D14}"
EndProject
Project("{FAE04EC0-301F-11D3-BF4B-00C04F79EFBC}") = "Idology.Game", "Idology.Game\Idology.Game.csproj", "{A2C17FEF-6FE9-4404-9ABB-EE5C44423036}"
EndProject
Project("{FAE04EC0-301F-11D3-BF4B-00C04F79EFBC}") = "Idology.UserInterface", "Idology.UserInterface\Idology.UserInterface.csproj", "{8D5FD433-58DC-4803-94F5-03D2AA853846}"
EndProject
Project("{FAE04EC0-301F-11D3-BF4B-00C04F79EFBC}") = "Idology.UserInterface.Tests", "Idology.UserInterface.Tests\Idology.UserInterface.Tests.csproj", "{289D1532-3D1E-4155-9DB9-20AACC13E596}"
EndProject
Project("{2150E333-8FDC-42A3-9474-1A3956D46DE8}") = "Space", "Space", "{D583FB16-0C38-4A01-864F-86C6632E2BA0}"
EndProject
Project("{FAE04EC0-301F-11D3-BF4B-00C04F79EFBC}") = "Idology.Space.Client", "Space\Idology.Space.Client\Idology.Space.Client.csproj", "{D48770D7-179F-4C65-A4C2-93F9F9BAAAB0}"
EndProject
Project("{FAE04EC0-301F-11D3-BF4B-00C04F79EFBC}") = "Idology.Space.Core", "Space\Idology.Space.Core\Idology.Space.Core.csproj", "{07CB91C3-8918-4DB0-BA62-EF2BFB5C96F9}"
EndProject
Project("{FAE04EC0-301F-11D3-BF4B-00C04F79EFBC}") = "Idology.Space.Core.Tests", "Space\Idology.Space.Core.Tests\Idology.Space.Core.Tests.csproj", "{16E63D5F-744F-419C-B3C6-74F776D3078A}"
EndProject
Project("{FAE04EC0-301F-11D3-BF4B-00C04F79EFBC}") = "Idology.Space.Client.Tests", "Space\Idology.Space.Client.Tests\Idology.Space.Client.Tests.csproj", "{753076F4-155B-4D76-8526-7AAC19F6C55D}"
EndProject
Project("{2150E333-8FDC-42A3-9474-1A3956D46DE8}") = "Farm", "Farm", "{E31EE6D9-1F98-4E41-814C-30B86D4FC9E3}"
EndProject
Project("{FAE04EC0-301F-11D3-BF4B-00C04F79EFBC}") = "Idology.Farm.Core", "Farm\Idology.Farm.Core\Idology.Farm.Core.csproj", "{5248855E-B1A5-47FE-AA2E-04786D3C31A7}"
EndProject
Project("{FAE04EC0-301F-11D3-BF4B-00C04F79EFBC}") = "Idology.Farm.Client", "Farm\Idology.Farm.Client\Idology.Farm.Client.csproj", "{4B2B649B-DB20-4723-BA83-B64D9F6C421D}"
EndProject
Project("{FAE04EC0-301F-11D3-BF4B-00C04F79EFBC}") = "Idology.Farm.Core.Tests", "Farm\Idology.Farm.Core.Tests\Idology.Farm.Core.Tests.csproj", "{40D54027-DBDE-4E1E-9DFA-FEC2D4F8D76B}"
EndProject
Project("{FAE04EC0-301F-11D3-BF4B-00C04F79EFBC}") = "Idology.Farm.Client.Tests", "Farm\Idology.Farm.Client.Tests\Idology.Farm.Client.Tests.csproj", "{5A98804F-1EE0-4685-8851-6356EE16933E}"
EndProject
Global
	GlobalSection(SolutionConfigurationPlatforms) = preSolution
		Debug|Any CPU = Debug|Any CPU
		Release|Any CPU = Release|Any CPU
	EndGlobalSection
	GlobalSection(ProjectConfigurationPlatforms) = postSolution
		{1BB9EEFD-AB86-44BC-B34A-F627769CCFD3}.Debug|Any CPU.ActiveCfg = Debug|Any CPU
		{1BB9EEFD-AB86-44BC-B34A-F627769CCFD3}.Debug|Any CPU.Build.0 = Debug|Any CPU
		{1BB9EEFD-AB86-44BC-B34A-F627769CCFD3}.Release|Any CPU.ActiveCfg = Release|Any CPU
		{1BB9EEFD-AB86-44BC-B34A-F627769CCFD3}.Release|Any CPU.Build.0 = Release|Any CPU
		{544F77FD-8E5C-46F5-B67D-73C97287BB36}.Debug|Any CPU.ActiveCfg = Debug|Any CPU
		{544F77FD-8E5C-46F5-B67D-73C97287BB36}.Debug|Any CPU.Build.0 = Debug|Any CPU
		{544F77FD-8E5C-46F5-B67D-73C97287BB36}.Release|Any CPU.ActiveCfg = Release|Any CPU
		{544F77FD-8E5C-46F5-B67D-73C97287BB36}.Release|Any CPU.Build.0 = Release|Any CPU
		{DEB7E89B-4EA7-4511-AF62-BD702AB84E9E}.Debug|Any CPU.ActiveCfg = Debug|Any CPU
		{DEB7E89B-4EA7-4511-AF62-BD702AB84E9E}.Debug|Any CPU.Build.0 = Debug|Any CPU
		{DEB7E89B-4EA7-4511-AF62-BD702AB84E9E}.Release|Any CPU.ActiveCfg = Release|Any CPU
		{DEB7E89B-4EA7-4511-AF62-BD702AB84E9E}.Release|Any CPU.Build.0 = Release|Any CPU
		{87634BFB-B431-409C-819E-B00675BAFBC4}.Debug|Any CPU.ActiveCfg = Debug|Any CPU
		{87634BFB-B431-409C-819E-B00675BAFBC4}.Debug|Any CPU.Build.0 = Debug|Any CPU
		{87634BFB-B431-409C-819E-B00675BAFBC4}.Release|Any CPU.ActiveCfg = Release|Any CPU
		{87634BFB-B431-409C-819E-B00675BAFBC4}.Release|Any CPU.Build.0 = Release|Any CPU
		{3561BBF3-CC28-4228-96F7-1B73E354F4B1}.Debug|Any CPU.ActiveCfg = Debug|Any CPU
		{3561BBF3-CC28-4228-96F7-1B73E354F4B1}.Debug|Any CPU.Build.0 = Debug|Any CPU
		{3561BBF3-CC28-4228-96F7-1B73E354F4B1}.Release|Any CPU.ActiveCfg = Release|Any CPU
		{3561BBF3-CC28-4228-96F7-1B73E354F4B1}.Release|Any CPU.Build.0 = Release|Any CPU
		{B3AC0FEC-6A1D-4EC5-8A3C-EF0499520D14}.Debug|Any CPU.ActiveCfg = Debug|Any CPU
		{B3AC0FEC-6A1D-4EC5-8A3C-EF0499520D14}.Debug|Any CPU.Build.0 = Debug|Any CPU
		{B3AC0FEC-6A1D-4EC5-8A3C-EF0499520D14}.Release|Any CPU.ActiveCfg = Release|Any CPU
		{B3AC0FEC-6A1D-4EC5-8A3C-EF0499520D14}.Release|Any CPU.Build.0 = Release|Any CPU
		{A2C17FEF-6FE9-4404-9ABB-EE5C44423036}.Debug|Any CPU.ActiveCfg = Debug|Any CPU
		{A2C17FEF-6FE9-4404-9ABB-EE5C44423036}.Debug|Any CPU.Build.0 = Debug|Any CPU
		{A2C17FEF-6FE9-4404-9ABB-EE5C44423036}.Release|Any CPU.ActiveCfg = Release|Any CPU
		{A2C17FEF-6FE9-4404-9ABB-EE5C44423036}.Release|Any CPU.Build.0 = Release|Any CPU
		{8D5FD433-58DC-4803-94F5-03D2AA853846}.Debug|Any CPU.ActiveCfg = Debug|Any CPU
		{8D5FD433-58DC-4803-94F5-03D2AA853846}.Debug|Any CPU.Build.0 = Debug|Any CPU
		{8D5FD433-58DC-4803-94F5-03D2AA853846}.Release|Any CPU.ActiveCfg = Release|Any CPU
		{8D5FD433-58DC-4803-94F5-03D2AA853846}.Release|Any CPU.Build.0 = Release|Any CPU
		{289D1532-3D1E-4155-9DB9-20AACC13E596}.Debug|Any CPU.ActiveCfg = Debug|Any CPU
		{289D1532-3D1E-4155-9DB9-20AACC13E596}.Debug|Any CPU.Build.0 = Debug|Any CPU
		{289D1532-3D1E-4155-9DB9-20AACC13E596}.Release|Any CPU.ActiveCfg = Release|Any CPU
		{289D1532-3D1E-4155-9DB9-20AACC13E596}.Release|Any CPU.Build.0 = Release|Any CPU
		{D48770D7-179F-4C65-A4C2-93F9F9BAAAB0}.Debug|Any CPU.ActiveCfg = Debug|Any CPU
		{D48770D7-179F-4C65-A4C2-93F9F9BAAAB0}.Debug|Any CPU.Build.0 = Debug|Any CPU
		{D48770D7-179F-4C65-A4C2-93F9F9BAAAB0}.Release|Any CPU.ActiveCfg = Release|Any CPU
		{D48770D7-179F-4C65-A4C2-93F9F9BAAAB0}.Release|Any CPU.Build.0 = Release|Any CPU
		{07CB91C3-8918-4DB0-BA62-EF2BFB5C96F9}.Debug|Any CPU.ActiveCfg = Debug|Any CPU
		{07CB91C3-8918-4DB0-BA62-EF2BFB5C96F9}.Debug|Any CPU.Build.0 = Debug|Any CPU
		{07CB91C3-8918-4DB0-BA62-EF2BFB5C96F9}.Release|Any CPU.ActiveCfg = Release|Any CPU
		{07CB91C3-8918-4DB0-BA62-EF2BFB5C96F9}.Release|Any CPU.Build.0 = Release|Any CPU
		{16E63D5F-744F-419C-B3C6-74F776D3078A}.Debug|Any CPU.ActiveCfg = Debug|Any CPU
		{16E63D5F-744F-419C-B3C6-74F776D3078A}.Debug|Any CPU.Build.0 = Debug|Any CPU
		{16E63D5F-744F-419C-B3C6-74F776D3078A}.Release|Any CPU.ActiveCfg = Release|Any CPU
		{16E63D5F-744F-419C-B3C6-74F776D3078A}.Release|Any CPU.Build.0 = Release|Any CPU
		{753076F4-155B-4D76-8526-7AAC19F6C55D}.Debug|Any CPU.ActiveCfg = Debug|Any CPU
		{753076F4-155B-4D76-8526-7AAC19F6C55D}.Debug|Any CPU.Build.0 = Debug|Any CPU
		{753076F4-155B-4D76-8526-7AAC19F6C55D}.Release|Any CPU.ActiveCfg = Release|Any CPU
		{753076F4-155B-4D76-8526-7AAC19F6C55D}.Release|Any CPU.Build.0 = Release|Any CPU
		{5248855E-B1A5-47FE-AA2E-04786D3C31A7}.Debug|Any CPU.ActiveCfg = Debug|Any CPU
		{5248855E-B1A5-47FE-AA2E-04786D3C31A7}.Debug|Any CPU.Build.0 = Debug|Any CPU
		{5248855E-B1A5-47FE-AA2E-04786D3C31A7}.Release|Any CPU.ActiveCfg = Release|Any CPU
		{5248855E-B1A5-47FE-AA2E-04786D3C31A7}.Release|Any CPU.Build.0 = Release|Any CPU
		{4B2B649B-DB20-4723-BA83-B64D9F6C421D}.Debug|Any CPU.ActiveCfg = Debug|Any CPU
		{4B2B649B-DB20-4723-BA83-B64D9F6C421D}.Debug|Any CPU.Build.0 = Debug|Any CPU
		{4B2B649B-DB20-4723-BA83-B64D9F6C421D}.Release|Any CPU.ActiveCfg = Release|Any CPU
		{4B2B649B-DB20-4723-BA83-B64D9F6C421D}.Release|Any CPU.Build.0 = Release|Any CPU
		{40D54027-DBDE-4E1E-9DFA-FEC2D4F8D76B}.Debug|Any CPU.ActiveCfg = Debug|Any CPU
		{40D54027-DBDE-4E1E-9DFA-FEC2D4F8D76B}.Debug|Any CPU.Build.0 = Debug|Any CPU
		{40D54027-DBDE-4E1E-9DFA-FEC2D4F8D76B}.Release|Any CPU.ActiveCfg = Release|Any CPU
		{40D54027-DBDE-4E1E-9DFA-FEC2D4F8D76B}.Release|Any CPU.Build.0 = Release|Any CPU
		{5A98804F-1EE0-4685-8851-6356EE16933E}.Debug|Any CPU.ActiveCfg = Debug|Any CPU
		{5A98804F-1EE0-4685-8851-6356EE16933E}.Debug|Any CPU.Build.0 = Debug|Any CPU
		{5A98804F-1EE0-4685-8851-6356EE16933E}.Release|Any CPU.ActiveCfg = Release|Any CPU
		{5A98804F-1EE0-4685-8851-6356EE16933E}.Release|Any CPU.Build.0 = Release|Any CPU
	EndGlobalSection
	GlobalSection(SolutionProperties) = preSolution
		HideSolutionNode = FALSE
	EndGlobalSection
	GlobalSection(NestedProjects) = preSolution
		{1BB9EEFD-AB86-44BC-B34A-F627769CCFD3} = {02EA681E-C7D8-13C7-8484-4AC65E1B71E8}
		{544F77FD-8E5C-46F5-B67D-73C97287BB36} = {02EA681E-C7D8-13C7-8484-4AC65E1B71E8}
		{87634BFB-B431-409C-819E-B00675BAFBC4} = {F250604F-F3F4-4AB8-A201-BE1BDCFD2467}
		{3561BBF3-CC28-4228-96F7-1B73E354F4B1} = {F250604F-F3F4-4AB8-A201-BE1BDCFD2467}
		{B3AC0FEC-6A1D-4EC5-8A3C-EF0499520D14} = {F250604F-F3F4-4AB8-A201-BE1BDCFD2467}
		{D48770D7-179F-4C65-A4C2-93F9F9BAAAB0} = {D583FB16-0C38-4A01-864F-86C6632E2BA0}
		{07CB91C3-8918-4DB0-BA62-EF2BFB5C96F9} = {D583FB16-0C38-4A01-864F-86C6632E2BA0}
		{16E63D5F-744F-419C-B3C6-74F776D3078A} = {D583FB16-0C38-4A01-864F-86C6632E2BA0}
		{753076F4-155B-4D76-8526-7AAC19F6C55D} = {D583FB16-0C38-4A01-864F-86C6632E2BA0}
		{5248855E-B1A5-47FE-AA2E-04786D3C31A7} = {E31EE6D9-1F98-4E41-814C-30B86D4FC9E3}
		{4B2B649B-DB20-4723-BA83-B64D9F6C421D} = {E31EE6D9-1F98-4E41-814C-30B86D4FC9E3}
		{40D54027-DBDE-4E1E-9DFA-FEC2D4F8D76B} = {E31EE6D9-1F98-4E41-814C-30B86D4FC9E3}
		{5A98804F-1EE0-4685-8851-6356EE16933E} = {E31EE6D9-1F98-4E41-814C-30B86D4FC9E3}
	EndGlobalSection
	GlobalSection(ExtensibilityGlobals) = postSolution
		SolutionGuid = {629703C3-8ED3-4895-BC7A-7A029F1B46B0}
	EndGlobalSection
EndGlobal
